
Microsoft Visual Studio Solution File, Format Version 12.00
# Visual Studio 15
VisualStudioVersion = 15.0.27130.2010
MinimumVisualStudioVersion = 10.0.40219.1
Project("{FAE04EC0-301F-11D3-BF4B-00C04F79EFBC}") = "Dapper.Tests", "Dapper.Tests\Dapper.Tests.csproj", "{BE17EA24-05AD-469A-BC12-94E39179D47C}"
EndProject
Project("{FAE04EC0-301F-11D3-BF4B-00C04F79EFBC}") = "DapperExtensions", "DapperExtensions\DapperExtensions.csproj", "{4C1A2C6C-A469-4C87-98D1-F1D517FA1ACF}"
EndProject
Project("{9A19103F-16F7-4668-BE54-9A1E7A4F7556}") = "Dapper", "Dapper\Dapper.csproj", "{0F4A1FFD-E8E1-4240-BA38-32E46E4439A9}"
EndProject
Project("{FAE04EC0-301F-11D3-BF4B-00C04F79EFBC}") = "DapperExtensions.Tests", "DapperExtensions.Tests\DapperExtensions.Tests.csproj", "{8F1E2977-0C2C-48C2-9FFA-E6B3FA791527}"
EndProject
Project("{2150E333-8FDC-42A3-9474-1A3956D46DE8}") = "01.Dapper原生", "01.Dapper原生", "{EBB9D2BB-4B90-42FC-B06E-71627C2D7286}"
EndProject
Project("{2150E333-8FDC-42A3-9474-1A3956D46DE8}") = "02.Dapper扩展", "02.Dapper扩展", "{FC490E3E-BE6A-4287-98E9-2392ECDD8DEE}"
EndProject
Project("{2150E333-8FDC-42A3-9474-1A3956D46DE8}") = "03.DapperCore", "03.DapperCore", "{D9627799-D0CA-431E-A57B-7D8110F53B7A}"
EndProject
Project("{9A19103F-16F7-4668-BE54-9A1E7A4F7556}") = "DapperFrame", "DapperFrame\DapperFrame.csproj", "{3DA44D38-8CDD-41B4-814F-8DF6312E635B}"
EndProject
Project("{9A19103F-16F7-4668-BE54-9A1E7A4F7556}") = "DapperWeb", "DapperWeb\DapperWeb.csproj", "{B60C5286-9EFF-4350-BD8F-440024CD0C16}"
EndProject
Project("{2150E333-8FDC-42A3-9474-1A3956D46DE8}") = "04.WebFrameTest", "04.WebFrameTest", "{9EE7FB40-27D5-46F9-9B50-0B7AD75DC77A}"
EndProject
Project("{9A19103F-16F7-4668-BE54-9A1E7A4F7556}") = "Dapper.Model", "Dapper.Model\Dapper.Model.csproj", "{D5E37F48-702F-4706-B7FB-02DC5C978A76}"
EndProject
Project("{9A19103F-16F7-4668-BE54-9A1E7A4F7556}") = "Dapper.Contracts", "Dapper.Contracts\Dapper.Contracts.csproj", "{44078D65-16AD-489B-BA90-1A89D5C0BF4D}"
EndProject
Project("{9A19103F-16F7-4668-BE54-9A1E7A4F7556}") = "Dapper.Service", "Dapper.Service\Dapper.Service.csproj", "{5644B9C7-E5D5-4BF4-94C0-1755C74A8024}"
EndProject
Project("{FAE04EC0-301F-11D3-BF4B-00C04F79EFBC}") = "DapperWebAPI", "DapperWebAPI\DapperWebAPI.csproj", "{138BADC9-94D9-4E1D-AA95-DC792A066514}"
EndProject
Global
	GlobalSection(SolutionConfigurationPlatforms) = preSolution
		Debug|Any CPU = Debug|Any CPU
		Release|Any CPU = Release|Any CPU
	EndGlobalSection
	GlobalSection(ProjectConfigurationPlatforms) = postSolution
		{BE17EA24-05AD-469A-BC12-94E39179D47C}.Debug|Any CPU.ActiveCfg = Debug|Any CPU
		{BE17EA24-05AD-469A-BC12-94E39179D47C}.Debug|Any CPU.Build.0 = Debug|Any CPU
		{BE17EA24-05AD-469A-BC12-94E39179D47C}.Release|Any CPU.ActiveCfg = Release|Any CPU
		{BE17EA24-05AD-469A-BC12-94E39179D47C}.Release|Any CPU.Build.0 = Release|Any CPU
		{4C1A2C6C-A469-4C87-98D1-F1D517FA1ACF}.Debug|Any CPU.ActiveCfg = Debug|Any CPU
		{4C1A2C6C-A469-4C87-98D1-F1D517FA1ACF}.Debug|Any CPU.Build.0 = Debug|Any CPU
		{4C1A2C6C-A469-4C87-98D1-F1D517FA1ACF}.Release|Any CPU.ActiveCfg = Release|Any CPU
		{4C1A2C6C-A469-4C87-98D1-F1D517FA1ACF}.Release|Any CPU.Build.0 = Release|Any CPU
		{0F4A1FFD-E8E1-4240-BA38-32E46E4439A9}.Debug|Any CPU.ActiveCfg = Debug|Any CPU
		{0F4A1FFD-E8E1-4240-BA38-32E46E4439A9}.Debug|Any CPU.Build.0 = Debug|Any CPU
		{0F4A1FFD-E8E1-4240-BA38-32E46E4439A9}.Release|Any CPU.ActiveCfg = Release|Any CPU
		{0F4A1FFD-E8E1-4240-BA38-32E46E4439A9}.Release|Any CPU.Build.0 = Release|Any CPU
		{8F1E2977-0C2C-48C2-9FFA-E6B3FA791527}.Debug|Any CPU.ActiveCfg = Debug|Any CPU
		{8F1E2977-0C2C-48C2-9FFA-E6B3FA791527}.Debug|Any CPU.Build.0 = Debug|Any CPU
		{8F1E2977-0C2C-48C2-9FFA-E6B3FA791527}.Release|Any CPU.ActiveCfg = Release|Any CPU
		{8F1E2977-0C2C-48C2-9FFA-E6B3FA791527}.Release|Any CPU.Build.0 = Release|Any CPU
		{3DA44D38-8CDD-41B4-814F-8DF6312E635B}.Debug|Any CPU.ActiveCfg = Debug|Any CPU
		{3DA44D38-8CDD-41B4-814F-8DF6312E635B}.Debug|Any CPU.Build.0 = Debug|Any CPU
		{3DA44D38-8CDD-41B4-814F-8DF6312E635B}.Release|Any CPU.ActiveCfg = Release|Any CPU
		{3DA44D38-8CDD-41B4-814F-8DF6312E635B}.Release|Any CPU.Build.0 = Release|Any CPU
		{B60C5286-9EFF-4350-BD8F-440024CD0C16}.Debug|Any CPU.ActiveCfg = Debug|Any CPU
		{B60C5286-9EFF-4350-BD8F-440024CD0C16}.Debug|Any CPU.Build.0 = Debug|Any CPU
		{B60C5286-9EFF-4350-BD8F-440024CD0C16}.Release|Any CPU.ActiveCfg = Release|Any CPU
		{B60C5286-9EFF-4350-BD8F-440024CD0C16}.Release|Any CPU.Build.0 = Release|Any CPU
		{D5E37F48-702F-4706-B7FB-02DC5C978A76}.Debug|Any CPU.ActiveCfg = Debug|Any CPU
		{D5E37F48-702F-4706-B7FB-02DC5C978A76}.Debug|Any CPU.Build.0 = Debug|Any CPU
		{D5E37F48-702F-4706-B7FB-02DC5C978A76}.Release|Any CPU.ActiveCfg = Release|Any CPU
		{D5E37F48-702F-4706-B7FB-02DC5C978A76}.Release|Any CPU.Build.0 = Release|Any CPU
		{44078D65-16AD-489B-BA90-1A89D5C0BF4D}.Debug|Any CPU.ActiveCfg = Debug|Any CPU
		{44078D65-16AD-489B-BA90-1A89D5C0BF4D}.Debug|Any CPU.Build.0 = Debug|Any CPU
		{44078D65-16AD-489B-BA90-1A89D5C0BF4D}.Release|Any CPU.ActiveCfg = Release|Any CPU
		{44078D65-16AD-489B-BA90-1A89D5C0BF4D}.Release|Any CPU.Build.0 = Release|Any CPU
		{5644B9C7-E5D5-4BF4-94C0-1755C74A8024}.Debug|Any CPU.ActiveCfg = Debug|Any CPU
		{5644B9C7-E5D5-4BF4-94C0-1755C74A8024}.Debug|Any CPU.Build.0 = Debug|Any CPU
		{5644B9C7-E5D5-4BF4-94C0-1755C74A8024}.Release|Any CPU.ActiveCfg = Release|Any CPU
		{5644B9C7-E5D5-4BF4-94C0-1755C74A8024}.Release|Any CPU.Build.0 = Release|Any CPU
		{138BADC9-94D9-4E1D-AA95-DC792A066514}.Debug|Any CPU.ActiveCfg = Debug|Any CPU
		{138BADC9-94D9-4E1D-AA95-DC792A066514}.Debug|Any CPU.Build.0 = Debug|Any CPU
		{138BADC9-94D9-4E1D-AA95-DC792A066514}.Release|Any CPU.ActiveCfg = Release|Any CPU
		{138BADC9-94D9-4E1D-AA95-DC792A066514}.Release|Any CPU.Build.0 = Release|Any CPU
	EndGlobalSection
	GlobalSection(SolutionProperties) = preSolution
		HideSolutionNode = FALSE
	EndGlobalSection
	GlobalSection(NestedProjects) = preSolution
		{BE17EA24-05AD-469A-BC12-94E39179D47C} = {EBB9D2BB-4B90-42FC-B06E-71627C2D7286}
		{4C1A2C6C-A469-4C87-98D1-F1D517FA1ACF} = {FC490E3E-BE6A-4287-98E9-2392ECDD8DEE}
		{0F4A1FFD-E8E1-4240-BA38-32E46E4439A9} = {EBB9D2BB-4B90-42FC-B06E-71627C2D7286}
		{8F1E2977-0C2C-48C2-9FFA-E6B3FA791527} = {FC490E3E-BE6A-4287-98E9-2392ECDD8DEE}
		{3DA44D38-8CDD-41B4-814F-8DF6312E635B} = {D9627799-D0CA-431E-A57B-7D8110F53B7A}
		{B60C5286-9EFF-4350-BD8F-440024CD0C16} = {9EE7FB40-27D5-46F9-9B50-0B7AD75DC77A}
		{D5E37F48-702F-4706-B7FB-02DC5C978A76} = {9EE7FB40-27D5-46F9-9B50-0B7AD75DC77A}
		{44078D65-16AD-489B-BA90-1A89D5C0BF4D} = {9EE7FB40-27D5-46F9-9B50-0B7AD75DC77A}
		{5644B9C7-E5D5-4BF4-94C0-1755C74A8024} = {9EE7FB40-27D5-46F9-9B50-0B7AD75DC77A}
		{138BADC9-94D9-4E1D-AA95-DC792A066514} = {9EE7FB40-27D5-46F9-9B50-0B7AD75DC77A}
	EndGlobalSection
	GlobalSection(ExtensibilityGlobals) = postSolution
		SolutionGuid = {0F5E176E-AA68-4D90-8C49-1E19DC539B72}
	EndGlobalSection
EndGlobal
